
Microsoft Visual Studio Solution File, Format Version 10.00
# Visual Studio 2008
Project("{FAE04EC0-301F-11D3-BF4B-00C04F79EFBC}") = "Fdbl.Toolkit", "Fdbl.Toolkit.csproj", "{D3338199-7114-4925-84B1-EF1976AE107D}"
EndProject
Global
	GlobalSection(SolutionConfigurationPlatforms) = preSolution
		Debug|Any CPU = Debug|Any CPU
		Release|Any CPU = Release|Any CPU
	EndGlobalSection
	GlobalSection(ProjectConfigurationPlatforms) = postSolution
		{D3338199-7114-4925-84B1-EF1976AE107D}.Debug|Any CPU.ActiveCfg = Debug|Any CPU
		{D3338199-7114-4925-84B1-EF1976AE107D}.Debug|Any CPU.Build.0 = Debug|Any CPU
		{D3338199-7114-4925-84B1-EF1976AE107D}.Release|Any CPU.ActiveCfg = Release|Any CPU
		{D3338199-7114-4925-84B1-EF1976AE107D}.Release|Any CPU.Build.0 = Release|Any CPU
	EndGlobalSection
	GlobalSection(SolutionProperties) = preSolution
		HideSolutionNode = FALSE
	EndGlobalSection
EndGlobal
