
Microsoft Visual Studio Solution File, Format Version 11.00
# Visual Studio 2010
Project("{FAE04EC0-301F-11D3-BF4B-00C04F79EFBC}") = "I9.USCIS.XQueue.Live", "I9.USCIS.XQueue.Live.csproj", "{A2F6A64D-9B1E-44FF-B8D2-87CC4BCD9F8F}"
EndProject
Global
	GlobalSection(SolutionConfigurationPlatforms) = preSolution
		Debug|Any CPU = Debug|Any CPU
		Release|Any CPU = Release|Any CPU
	EndGlobalSection
	GlobalSection(ProjectConfigurationPlatforms) = postSolution
		{A2F6A64D-9B1E-44FF-B8D2-87CC4BCD9F8F}.Debug|Any CPU.ActiveCfg = Debug|Any CPU
		{A2F6A64D-9B1E-44FF-B8D2-87CC4BCD9F8F}.Debug|Any CPU.Build.0 = Debug|Any CPU
		{A2F6A64D-9B1E-44FF-B8D2-87CC4BCD9F8F}.Release|Any CPU.ActiveCfg = Release|Any CPU
		{A2F6A64D-9B1E-44FF-B8D2-87CC4BCD9F8F}.Release|Any CPU.Build.0 = Release|Any CPU
	EndGlobalSection
	GlobalSection(SolutionProperties) = preSolution
		HideSolutionNode = FALSE
	EndGlobalSection
EndGlobal
