
Microsoft Visual Studio Solution File, Format Version 10.00
# Visual Studio 2008
Project("{FAE04EC0-301F-11D3-BF4B-00C04F79EFBC}") = "I9.USCIS.EQueue.Live", "I9.USCIS.EQueue.Live.csproj", "{77F9F712-01A4-46AA-9A9C-DF92E5AE6468}"
EndProject
Global
	GlobalSection(SolutionConfigurationPlatforms) = preSolution
		Debug|Any CPU = Debug|Any CPU
		Release|Any CPU = Release|Any CPU
	EndGlobalSection
	GlobalSection(ProjectConfigurationPlatforms) = postSolution
		{77F9F712-01A4-46AA-9A9C-DF92E5AE6468}.Debug|Any CPU.ActiveCfg = Debug|Any CPU
		{77F9F712-01A4-46AA-9A9C-DF92E5AE6468}.Debug|Any CPU.Build.0 = Debug|Any CPU
		{77F9F712-01A4-46AA-9A9C-DF92E5AE6468}.Release|Any CPU.ActiveCfg = Release|Any CPU
		{77F9F712-01A4-46AA-9A9C-DF92E5AE6468}.Release|Any CPU.Build.0 = Release|Any CPU
	EndGlobalSection
	GlobalSection(SolutionProperties) = preSolution
		HideSolutionNode = FALSE
	EndGlobalSection
EndGlobal
