
Microsoft Visual Studio Solution File, Format Version 10.00
# Visual Studio 2008
Project("{FAE04EC0-301F-11D3-BF4B-00C04F79EFBC}") = "I9.OnDemandEmail.Console", "I9.OnDemandEmail.Console.csproj", "{F97D3B84-2147-4F07-A82F-8E120C20457D}"
EndProject
Global
	GlobalSection(SolutionConfigurationPlatforms) = preSolution
		Debug|Any CPU = Debug|Any CPU
		Release|Any CPU = Release|Any CPU
	EndGlobalSection
	GlobalSection(ProjectConfigurationPlatforms) = postSolution
		{F97D3B84-2147-4F07-A82F-8E120C20457D}.Debug|Any CPU.ActiveCfg = Debug|Any CPU
		{F97D3B84-2147-4F07-A82F-8E120C20457D}.Debug|Any CPU.Build.0 = Debug|Any CPU
		{F97D3B84-2147-4F07-A82F-8E120C20457D}.Release|Any CPU.ActiveCfg = Release|Any CPU
		{F97D3B84-2147-4F07-A82F-8E120C20457D}.Release|Any CPU.Build.0 = Release|Any CPU
	EndGlobalSection
	GlobalSection(SolutionProperties) = preSolution
		HideSolutionNode = FALSE
	EndGlobalSection
EndGlobal
